
Microsoft Visual Studio Solution File, Format Version 12.00
# Visual Studio 14
VisualStudioVersion = 14.0.25420.1
MinimumVisualStudioVersion = 10.0.40219.1
Project("{8BC9CEB8-8B4A-11D0-8D11-00A0C91BC942}") = "cpp_snippet", "cpp_snippet\cpp_snippet.vcxproj", "{46130A02-0E1E-43CF-A783-CDC37E2D0DA6}"
EndProject
Project("{8BC9CEB8-8B4A-11D0-8D11-00A0C91BC942}") = "test_file", "test_file\test_file.vcxproj", "{CC3E60A4-DD33-4195-9D48-E816175C3918}"
	ProjectSection(ProjectDependencies) = postProject
		{46130A02-0E1E-43CF-A783-CDC37E2D0DA6} = {46130A02-0E1E-43CF-A783-CDC37E2D0DA6}
	EndProjectSection
EndProject
Project("{8BC9CEB8-8B4A-11D0-8D11-00A0C91BC942}") = "test_time", "test_time\test_time.vcxproj", "{527F41ED-8C18-4797-9112-A5CDB58F6ABE}"
	ProjectSection(ProjectDependencies) = postProject
		{46130A02-0E1E-43CF-A783-CDC37E2D0DA6} = {46130A02-0E1E-43CF-A783-CDC37E2D0DA6}
	EndProjectSection
EndProject
Global
	GlobalSection(SolutionConfigurationPlatforms) = preSolution
		Debug|x64 = Debug|x64
		Debug|x86 = Debug|x86
		Release|x64 = Release|x64
		Release|x86 = Release|x86
	EndGlobalSection
	GlobalSection(ProjectConfigurationPlatforms) = postSolution
		{46130A02-0E1E-43CF-A783-CDC37E2D0DA6}.Debug|x64.ActiveCfg = Debug|x64
		{46130A02-0E1E-43CF-A783-CDC37E2D0DA6}.Debug|x64.Build.0 = Debug|x64
		{46130A02-0E1E-43CF-A783-CDC37E2D0DA6}.Debug|x86.ActiveCfg = Debug|Win32
		{46130A02-0E1E-43CF-A783-CDC37E2D0DA6}.Debug|x86.Build.0 = Debug|Win32
		{46130A02-0E1E-43CF-A783-CDC37E2D0DA6}.Release|x64.ActiveCfg = Release|x64
		{46130A02-0E1E-43CF-A783-CDC37E2D0DA6}.Release|x64.Build.0 = Release|x64
		{46130A02-0E1E-43CF-A783-CDC37E2D0DA6}.Release|x86.ActiveCfg = Release|Win32
		{46130A02-0E1E-43CF-A783-CDC37E2D0DA6}.Release|x86.Build.0 = Release|Win32
		{CC3E60A4-DD33-4195-9D48-E816175C3918}.Debug|x64.ActiveCfg = Debug|x64
		{CC3E60A4-DD33-4195-9D48-E816175C3918}.Debug|x64.Build.0 = Debug|x64
		{CC3E60A4-DD33-4195-9D48-E816175C3918}.Debug|x86.ActiveCfg = Debug|Win32
		{CC3E60A4-DD33-4195-9D48-E816175C3918}.Debug|x86.Build.0 = Debug|Win32
		{CC3E60A4-DD33-4195-9D48-E816175C3918}.Release|x64.ActiveCfg = Release|x64
		{CC3E60A4-DD33-4195-9D48-E816175C3918}.Release|x64.Build.0 = Release|x64
		{CC3E60A4-DD33-4195-9D48-E816175C3918}.Release|x86.ActiveCfg = Release|Win32
		{CC3E60A4-DD33-4195-9D48-E816175C3918}.Release|x86.Build.0 = Release|Win32
		{527F41ED-8C18-4797-9112-A5CDB58F6ABE}.Debug|x64.ActiveCfg = Debug|x64
		{527F41ED-8C18-4797-9112-A5CDB58F6ABE}.Debug|x64.Build.0 = Debug|x64
		{527F41ED-8C18-4797-9112-A5CDB58F6ABE}.Debug|x86.ActiveCfg = Debug|Win32
		{527F41ED-8C18-4797-9112-A5CDB58F6ABE}.Debug|x86.Build.0 = Debug|Win32
		{527F41ED-8C18-4797-9112-A5CDB58F6ABE}.Release|x64.ActiveCfg = Release|x64
		{527F41ED-8C18-4797-9112-A5CDB58F6ABE}.Release|x64.Build.0 = Release|x64
		{527F41ED-8C18-4797-9112-A5CDB58F6ABE}.Release|x86.ActiveCfg = Release|Win32
		{527F41ED-8C18-4797-9112-A5CDB58F6ABE}.Release|x86.Build.0 = Release|Win32
	EndGlobalSection
	GlobalSection(SolutionProperties) = preSolution
		HideSolutionNode = FALSE
	EndGlobalSection
EndGlobal
